
Microsoft Visual Studio Solution File, Format Version 12.00
# Visual Studio Version 17
VisualStudioVersion = 17.10.35027.167
MinimumVisualStudioVersion = 10.0.40219.1
Project("{9A19103F-16F7-4668-BE54-9A1E7A4F7556}") = "ToursAndTravelsManagement", "ToursAndTravelsManagement\ToursAndTravelsManagement.csproj", "{F6DDB11D-61C3-4CF6-BD57-05B2516FF63E}"
EndProject
Global
	GlobalSection(SolutionConfigurationPlatforms) = preSolution
		Debug|Any CPU = Debug|Any CPU
		Release|Any CPU = Release|Any CPU
	EndGlobalSection
	GlobalSection(ProjectConfigurationPlatforms) = postSolution
		{F6DDB11D-61C3-4CF6-BD57-05B2516FF63E}.Debug|Any CPU.ActiveCfg = Debug|Any CPU
		{F6DDB11D-61C3-4CF6-BD57-05B2516FF63E}.Debug|Any CPU.Build.0 = Debug|Any CPU
		{F6DDB11D-61C3-4CF6-BD57-05B2516FF63E}.Release|Any CPU.ActiveCfg = Release|Any CPU
		{F6DDB11D-61C3-4CF6-BD57-05B2516FF63E}.Release|Any CPU.Build.0 = Release|Any CPU
	EndGlobalSection
	GlobalSection(SolutionProperties) = preSolution
		HideSolutionNode = FALSE
	EndGlobalSection
	GlobalSection(ExtensibilityGlobals) = postSolution
		SolutionGuid = {5BA7B78F-16E8-4FA5-BCA5-0E894C887824}
	EndGlobalSection
EndGlobal
